{
  "version": 4,
  "terraform_version": "1.3.5",
  "serial": 808,
  "lineage": "06959fc8-eec3-1b6b-6b76-5fbfc96ec978",
  "outputs": {
    "dut_private_ip": {
      "value": "198.18.60.10",
      "type": "string"
    },
    "dut_public_ip": {
      "value": "3.225.36.85",
      "type": "string"
    },
    "trex_private_ip": {
      "value": "198.18.60.11",
      "type": "string"
    },
    "trex_public_ip": {
      "value": "3.233.73.1",
      "type": "string"
    }
  },
  "resources": [
    {
      "mode": "data",
      "type": "template_file",
      "name": "install_tools",
      "provider": "provider[\"registry.terraform.io/hashicorp/template\"]",
      "instances": [
        {
          "schema_version": 0,
          "attributes": {
            "filename": null,
            "id": "58f5d255c9e96aa5be9c6669e838ea9e918835d1305554fe51923fd1c47d44e6",
            "rendered": "#!/bin/bash\nsudo apt-get update\n\n# route : to add static routes for forwarding\nsudo DEBIAN_FRONTEND=noninteractive apt-get install -y net-tools\n\n# conntrack : To use conntrack with iptables drop\nsudo DEBIAN_FRONTEND=noninteractive apt-get install -y conntrack\n\n# mpstat : To measure CPU usage\nsudo DEBIAN_FRONTEND=noninteractive apt-get install -y sysstat\n\n# iperf3 : To measure baseline band width\nsudo DEBIAN_FRONTEND=noninteractive apt-get install -y iperf3\n\n# netperf : To test DDOS \nsudo DEBIAN_FRONTEND=noninteractive apt-get install -y netperf\n",
            "template": "#!/bin/bash\nsudo apt-get update\n\n# route : to add static routes for forwarding\nsudo DEBIAN_FRONTEND=noninteractive apt-get install -y net-tools\n\n# conntrack : To use conntrack with iptables drop\nsudo DEBIAN_FRONTEND=noninteractive apt-get install -y conntrack\n\n# mpstat : To measure CPU usage\nsudo DEBIAN_FRONTEND=noninteractive apt-get install -y sysstat\n\n# iperf3 : To measure baseline band width\nsudo DEBIAN_FRONTEND=noninteractive apt-get install -y iperf3\n\n# netperf : To test DDOS \nsudo DEBIAN_FRONTEND=noninteractive apt-get install -y netperf\n",
            "vars": null
          },
          "sensitive_attributes": []
        }
      ]
    },
    {
      "mode": "data",
      "type": "template_file",
      "name": "install_trex",
      "provider": "provider[\"registry.terraform.io/hashicorp/template\"]",
      "instances": [
        {
          "schema_version": 0,
          "attributes": {
            "filename": null,
            "id": "14d8800f29471184805ef0abaaaaff148c7be140ea8c350c381e3f8ac0e7d97c",
            "rendered": "#!/bin/bash\n\n# run as root\n\n# set hostname\nhostname tRex\n\nsudo apt-get update\n\n# get make (aws)\nsudo DEBIAN_FRONTEND=noninteractive apt-get install -y make\n\n# Install module for trex\nsudo DEBIAN_FRONTEND=noninteractive apt-get install -y linux-headers-`uname -r` build-essential\n\n# create trex dir\nmkdir -p /opt/trex\ncd /opt/trex \n\n# get latest trex\nwget --no-cache --no-check-certificate https://trex-tgn.cisco.com/trex/release/latest\n\n# extract trex\ntar -zxvf latest ",
            "template": "#!/bin/bash\n\n# run as root\n\n# set hostname\nhostname ${host_name}\n\nsudo apt-get update\n\n# get make (aws)\nsudo DEBIAN_FRONTEND=noninteractive apt-get install -y make\n\n# Install module for trex\nsudo DEBIAN_FRONTEND=noninteractive apt-get install -y linux-headers-`uname -r` build-essential\n\n# create trex dir\nmkdir -p /opt/trex\ncd /opt/trex \n\n# get latest trex\nwget --no-cache --no-check-certificate https://trex-tgn.cisco.com/trex/release/latest\n\n# extract trex\ntar -zxvf latest ",
            "vars": {
              "host_name": "tRex"
            }
          },
          "sensitive_attributes": []
        }
      ]
    },
    {
      "mode": "data",
      "type": "template_file",
      "name": "linux_source",
      "provider": "provider[\"registry.terraform.io/hashicorp/template\"]",
      "instances": [
        {
          "schema_version": 0,
          "attributes": {
            "filename": null,
            "id": "cb6707df70cd941ee7d768ca5f419c3368b9e03480414052fd978c63af16d587",
            "rendered": "#!/bin/bash\n\n# set hostname\nhostname xdp-DUT\n\n# https://wiki.ubuntu.com/Kernel/BuildYourOwnKernel\n\n# uncomment deb-src in /etc/apt/sources.list\nsudo sed -i '/jammy main restricted/s/^#//g' /etc/apt/sources.list\nsudo sed -i '/jammy-updates main restricted/s/^#//g' /etc/apt/sources.list\n\nsudo apt-get update\n\n# kernel build dependencies\nsudo DEBIAN_FRONTEND=noninteractive apt-get build-dep -y linux linux-image-$(uname -r)\n\n# get all dependecies\nsudo DEBIAN_FRONTEND=noninteractive apt-get install -y libncurses-dev gawk flex bison openssl libssl-dev dkms libelf-dev libudev-dev libpci-dev libiberty-dev autoconf llvm\n\n# get fakeroot\nsudo DEBIAN_FRONTEND=noninteractive apt install -y  fakeroot\n\n# get clang\nsudo DEBIAN_FRONTEND=noninteractive apt install -y clang\n\n# get linux source code\nsudo apt-get source -y linux-image-unsigned-$(uname -r)\n\n# Interaction needed for below commands\n\n# # inside kernel source directory \ncd linux-aws-5.15.0\n\n# modifying kernel config part, https://wiki.ubuntu.com/Kernel/BuildYourOwnKernel\nchmod a+x debian/rules\nchmod a+x debian/scripts/*\nchmod a+x debian/scripts/misc/*\nLANG=C fakeroot debian/rules clean\n# say no to edit configs\necho n | LANG=C fakeroot debian/rules editconfigs \n\n# # https://elixir.bootlin.com/linux/v5.15/source/samples/bpf/README.rst\n# # compile bpf samples\nmake oldconfig \u0026\u0026 make prepare\nmake headers_install\nmake VMLINUX_BTF=/sys/kernel/btf/vmlinux -C samples/bpf\n\n\n\n\n ",
            "template": "#!/bin/bash\n\n# set hostname\nhostname ${host_name}\n\n# https://wiki.ubuntu.com/Kernel/BuildYourOwnKernel\n\n# uncomment deb-src in /etc/apt/sources.list\nsudo sed -i '/jammy main restricted/s/^#//g' /etc/apt/sources.list\nsudo sed -i '/jammy-updates main restricted/s/^#//g' /etc/apt/sources.list\n\nsudo apt-get update\n\n# kernel build dependencies\nsudo DEBIAN_FRONTEND=noninteractive apt-get build-dep -y linux linux-image-$(uname -r)\n\n# get all dependecies\nsudo DEBIAN_FRONTEND=noninteractive apt-get install -y libncurses-dev gawk flex bison openssl libssl-dev dkms libelf-dev libudev-dev libpci-dev libiberty-dev autoconf llvm\n\n# get fakeroot\nsudo DEBIAN_FRONTEND=noninteractive apt install -y  fakeroot\n\n# get clang\nsudo DEBIAN_FRONTEND=noninteractive apt install -y clang\n\n# get linux source code\nsudo apt-get source -y linux-image-unsigned-$(uname -r)\n\n# Interaction needed for below commands\n\n# # inside kernel source directory \ncd ${linux_source_dir}\n\n# modifying kernel config part, https://wiki.ubuntu.com/Kernel/BuildYourOwnKernel\nchmod a+x debian/rules\nchmod a+x debian/scripts/*\nchmod a+x debian/scripts/misc/*\nLANG=C fakeroot debian/rules clean\n# say no to edit configs\necho n | LANG=C fakeroot debian/rules editconfigs \n\n# # https://elixir.bootlin.com/linux/v5.15/source/samples/bpf/README.rst\n# # compile bpf samples\nmake oldconfig \u0026\u0026 make prepare\nmake headers_install\nmake VMLINUX_BTF=/sys/kernel/btf/vmlinux -C samples/bpf\n\n\n\n\n ",
            "vars": {
              "host_name": "xdp-DUT",
              "linux_source_dir": "linux-aws-5.15.0"
            }
          },
          "sensitive_attributes": []
        }
      ]
    },
    {
      "mode": "managed",
      "type": "aws_eip",
      "name": "dut_public_ip",
      "provider": "provider[\"registry.terraform.io/hashicorp/aws\"]",
      "instances": [
        {
          "schema_version": 0,
          "attributes": {
            "address": null,
            "allocation_id": "eipalloc-0d251d47c61e1787e",
            "associate_with_private_ip": "198.18.60.10",
            "association_id": "eipassoc-0330af836f39966d5",
            "carrier_ip": "",
            "customer_owned_ip": "",
            "customer_owned_ipv4_pool": "",
            "domain": "vpc",
            "id": "eipalloc-0d251d47c61e1787e",
            "instance": "",
            "network_border_group": "us-east-1",
            "network_interface": "eni-073b5f4649273ca3b",
            "private_dns": "ip-198-18-60-10.ec2.internal",
            "private_ip": "198.18.60.10",
            "public_dns": "ec2-3-225-36-85.compute-1.amazonaws.com",
            "public_ip": "3.225.36.85",
            "public_ipv4_pool": "amazon",
            "tags": null,
            "tags_all": {},
            "timeouts": null,
            "vpc": true
          },
          "sensitive_attributes": [],
          "private": "eyJlMmJmYjczMC1lY2FhLTExZTYtOGY4OC0zNDM2M2JjN2M0YzAiOnsiZGVsZXRlIjoxODAwMDAwMDAwMDAsInJlYWQiOjkwMDAwMDAwMDAwMCwidXBkYXRlIjozMDAwMDAwMDAwMDB9fQ==",
          "dependencies": [
            "aws_network_interface.di_0",
            "aws_security_group.xdp_sg",
            "aws_subnet.xdp_public_subnet",
            "aws_vpc.xdp_vpc"
          ]
        }
      ]
    },
    {
      "mode": "managed",
      "type": "aws_eip",
      "name": "trex_public_ip",
      "provider": "provider[\"registry.terraform.io/hashicorp/aws\"]",
      "instances": [
        {
          "schema_version": 0,
          "attributes": {
            "address": null,
            "allocation_id": "eipalloc-0d1e4c5f69e4b6742",
            "associate_with_private_ip": "198.18.60.11",
            "association_id": "eipassoc-0948d348adac3d62c",
            "carrier_ip": "",
            "customer_owned_ip": "",
            "customer_owned_ipv4_pool": "",
            "domain": "vpc",
            "id": "eipalloc-0d1e4c5f69e4b6742",
            "instance": "",
            "network_border_group": "us-east-1",
            "network_interface": "eni-08563ae405a207dc4",
            "private_dns": "ip-198-18-60-11.ec2.internal",
            "private_ip": "198.18.60.11",
            "public_dns": "ec2-3-233-73-1.compute-1.amazonaws.com",
            "public_ip": "3.233.73.1",
            "public_ipv4_pool": "amazon",
            "tags": null,
            "tags_all": {},
            "timeouts": null,
            "vpc": true
          },
          "sensitive_attributes": [],
          "private": "eyJlMmJmYjczMC1lY2FhLTExZTYtOGY4OC0zNDM2M2JjN2M0YzAiOnsiZGVsZXRlIjoxODAwMDAwMDAwMDAsInJlYWQiOjkwMDAwMDAwMDAwMCwidXBkYXRlIjozMDAwMDAwMDAwMDB9fQ==",
          "dependencies": [
            "aws_network_interface.ti_0",
            "aws_security_group.xdp_sg",
            "aws_subnet.xdp_public_subnet",
            "aws_vpc.xdp_vpc"
          ]
        }
      ]
    },
    {
      "mode": "managed",
      "type": "aws_instance",
      "name": "trex",
      "provider": "provider[\"registry.terraform.io/hashicorp/aws\"]",
      "instances": [
        {
          "schema_version": 1,
          "attributes": {
            "ami": "ami-0574da719dca65348",
            "arn": "arn:aws:ec2:us-east-1:152657297141:instance/i-020c80ed40f2615d6",
            "associate_public_ip_address": true,
            "availability_zone": "us-east-1a",
            "capacity_reservation_specification": [
              {
                "capacity_reservation_preference": "open",
                "capacity_reservation_target": []
              }
            ],
            "cpu_core_count": 8,
            "cpu_threads_per_core": 2,
            "credit_specification": [],
            "disable_api_stop": false,
            "disable_api_termination": false,
            "ebs_block_device": [],
            "ebs_optimized": false,
            "enclave_options": [
              {
                "enabled": false
              }
            ],
            "ephemeral_block_device": [],
            "get_password_data": false,
            "hibernation": false,
            "host_id": null,
            "host_resource_group_arn": null,
            "iam_instance_profile": "",
            "id": "i-020c80ed40f2615d6",
            "instance_initiated_shutdown_behavior": "stop",
            "instance_state": "running",
            "instance_type": "c5n.4xlarge",
            "ipv6_address_count": 0,
            "ipv6_addresses": [],
            "key_name": "xdp681us",
            "launch_template": [],
            "maintenance_options": [
              {
                "auto_recovery": "default"
              }
            ],
            "metadata_options": [
              {
                "http_endpoint": "enabled",
                "http_put_response_hop_limit": 1,
                "http_tokens": "optional",
                "instance_metadata_tags": "disabled"
              }
            ],
            "monitoring": false,
            "network_interface": [
              {
                "delete_on_termination": false,
                "device_index": 0,
                "network_card_index": 0,
                "network_interface_id": "eni-08563ae405a207dc4"
              },
              {
                "delete_on_termination": false,
                "device_index": 1,
                "network_card_index": 0,
                "network_interface_id": "eni-01ce4103a7046bac3"
              },
              {
                "delete_on_termination": false,
                "device_index": 2,
                "network_card_index": 0,
                "network_interface_id": "eni-06d23659f9c9d38bc"
              }
            ],
            "outpost_arn": "",
            "password_data": "",
            "placement_group": "xdp-pg",
            "placement_partition_number": null,
            "primary_network_interface_id": "eni-08563ae405a207dc4",
            "private_dns": "ip-198-18-60-11.ec2.internal",
            "private_dns_name_options": [
              {
                "enable_resource_name_dns_a_record": false,
                "enable_resource_name_dns_aaaa_record": false,
                "hostname_type": "ip-name"
              }
            ],
            "private_ip": "198.18.60.11",
            "public_dns": "",
            "public_ip": "3.233.73.1",
            "root_block_device": [
              {
                "delete_on_termination": true,
                "device_name": "/dev/sda1",
                "encrypted": false,
                "iops": 100,
                "kms_key_id": "",
                "tags": {},
                "throughput": 0,
                "volume_id": "vol-05e0a6a3b1543c206",
                "volume_size": 8,
                "volume_type": "gp2"
              }
            ],
            "secondary_private_ips": [],
            "security_groups": [],
            "source_dest_check": true,
            "subnet_id": "subnet-097662c95096052d0",
            "tags": {
              "Name": "tRex"
            },
            "tags_all": {
              "Name": "tRex"
            },
            "tenancy": "default",
            "timeouts": null,
            "user_data": "7ef3f80f8f31bc67366d9bf79b754d7cc9a847cf",
            "user_data_base64": null,
            "user_data_replace_on_change": false,
            "volume_tags": null,
            "vpc_security_group_ids": [
              "sg-060ed47419f4ab3fb"
            ]
          },
          "sensitive_attributes": [],
          "private": "eyJlMmJmYjczMC1lY2FhLTExZTYtOGY4OC0zNDM2M2JjN2M0YzAiOnsiY3JlYXRlIjo2MDAwMDAwMDAwMDAsImRlbGV0ZSI6MTIwMDAwMDAwMDAwMCwidXBkYXRlIjo2MDAwMDAwMDAwMDB9LCJzY2hlbWFfdmVyc2lvbiI6IjEifQ==",
          "dependencies": [
            "aws_network_interface.ti_0",
            "aws_network_interface.ti_1",
            "aws_network_interface.ti_2",
            "aws_placement_group.xdp_pg",
            "aws_security_group.xdp_sg",
            "aws_subnet.xdp_private_subnet1",
            "aws_subnet.xdp_private_subnet2",
            "aws_subnet.xdp_public_subnet",
            "aws_vpc.xdp_vpc",
            "data.template_file.install_tools",
            "data.template_file.install_trex"
          ]
        }
      ]
    },
    {
      "mode": "managed",
      "type": "aws_instance",
      "name": "xdp_dut",
      "provider": "provider[\"registry.terraform.io/hashicorp/aws\"]",
      "instances": [
        {
          "schema_version": 1,
          "attributes": {
            "ami": "ami-0574da719dca65348",
            "arn": "arn:aws:ec2:us-east-1:152657297141:instance/i-07aa845b31eb2e2b3",
            "associate_public_ip_address": true,
            "availability_zone": "us-east-1a",
            "capacity_reservation_specification": [
              {
                "capacity_reservation_preference": "open",
                "capacity_reservation_target": []
              }
            ],
            "cpu_core_count": 8,
            "cpu_threads_per_core": 2,
            "credit_specification": [],
            "disable_api_stop": false,
            "disable_api_termination": false,
            "ebs_block_device": [],
            "ebs_optimized": false,
            "enclave_options": [
              {
                "enabled": false
              }
            ],
            "ephemeral_block_device": [],
            "get_password_data": false,
            "hibernation": false,
            "host_id": null,
            "host_resource_group_arn": null,
            "iam_instance_profile": "",
            "id": "i-07aa845b31eb2e2b3",
            "instance_initiated_shutdown_behavior": "stop",
            "instance_state": "running",
            "instance_type": "c5n.4xlarge",
            "ipv6_address_count": 0,
            "ipv6_addresses": [],
            "key_name": "xdp681us",
            "launch_template": [],
            "maintenance_options": [
              {
                "auto_recovery": "default"
              }
            ],
            "metadata_options": [
              {
                "http_endpoint": "enabled",
                "http_put_response_hop_limit": 1,
                "http_tokens": "optional",
                "instance_metadata_tags": "disabled"
              }
            ],
            "monitoring": false,
            "network_interface": [
              {
                "delete_on_termination": false,
                "device_index": 0,
                "network_card_index": 0,
                "network_interface_id": "eni-073b5f4649273ca3b"
              },
              {
                "delete_on_termination": false,
                "device_index": 1,
                "network_card_index": 0,
                "network_interface_id": "eni-0ac2a6d5f2136d2e0"
              },
              {
                "delete_on_termination": false,
                "device_index": 2,
                "network_card_index": 0,
                "network_interface_id": "eni-0366a8bbce5f65cc2"
              }
            ],
            "outpost_arn": "",
            "password_data": "",
            "placement_group": "xdp-pg",
            "placement_partition_number": null,
            "primary_network_interface_id": "eni-073b5f4649273ca3b",
            "private_dns": "ip-198-18-60-10.ec2.internal",
            "private_dns_name_options": [
              {
                "enable_resource_name_dns_a_record": false,
                "enable_resource_name_dns_aaaa_record": false,
                "hostname_type": "ip-name"
              }
            ],
            "private_ip": "198.18.60.10",
            "public_dns": "",
            "public_ip": "3.225.36.85",
            "root_block_device": [
              {
                "delete_on_termination": true,
                "device_name": "/dev/sda1",
                "encrypted": false,
                "iops": 100,
                "kms_key_id": "",
                "tags": {},
                "throughput": 0,
                "volume_id": "vol-08226e9d959cddc79",
                "volume_size": 8,
                "volume_type": "gp2"
              }
            ],
            "secondary_private_ips": [],
            "security_groups": [],
            "source_dest_check": true,
            "subnet_id": "subnet-097662c95096052d0",
            "tags": {
              "Name": "xdp-DUT"
            },
            "tags_all": {
              "Name": "xdp-DUT"
            },
            "tenancy": "default",
            "timeouts": null,
            "user_data": "517367bcc235bedfc9ef6f2e2b19853d550ec181",
            "user_data_base64": null,
            "user_data_replace_on_change": false,
            "volume_tags": null,
            "vpc_security_group_ids": [
              "sg-060ed47419f4ab3fb"
            ]
          },
          "sensitive_attributes": [],
          "private": "eyJlMmJmYjczMC1lY2FhLTExZTYtOGY4OC0zNDM2M2JjN2M0YzAiOnsiY3JlYXRlIjo2MDAwMDAwMDAwMDAsImRlbGV0ZSI6MTIwMDAwMDAwMDAwMCwidXBkYXRlIjo2MDAwMDAwMDAwMDB9LCJzY2hlbWFfdmVyc2lvbiI6IjEifQ==",
          "dependencies": [
            "aws_network_interface.di_0",
            "aws_network_interface.di_1",
            "aws_network_interface.di_2",
            "aws_placement_group.xdp_pg",
            "aws_security_group.xdp_sg",
            "aws_subnet.xdp_private_subnet1",
            "aws_subnet.xdp_private_subnet2",
            "aws_subnet.xdp_public_subnet",
            "aws_vpc.xdp_vpc",
            "data.template_file.install_tools",
            "data.template_file.linux_source"
          ]
        }
      ]
    },
    {
      "mode": "managed",
      "type": "aws_internet_gateway",
      "name": "xdp_ig",
      "provider": "provider[\"registry.terraform.io/hashicorp/aws\"]",
      "instances": [
        {
          "schema_version": 0,
          "attributes": {
            "arn": "arn:aws:ec2:us-east-1:152657297141:internet-gateway/igw-0373552b6dfdf6386",
            "id": "igw-0373552b6dfdf6386",
            "owner_id": "152657297141",
            "tags": {
              "Name": "xdp-internet-gateway"
            },
            "tags_all": {
              "Name": "xdp-internet-gateway"
            },
            "timeouts": null,
            "vpc_id": "vpc-01dcacfdaaf61302e"
          },
          "sensitive_attributes": [],
          "private": "eyJlMmJmYjczMC1lY2FhLTExZTYtOGY4OC0zNDM2M2JjN2M0YzAiOnsiY3JlYXRlIjoxMjAwMDAwMDAwMDAwLCJkZWxldGUiOjEyMDAwMDAwMDAwMDAsInVwZGF0ZSI6MTIwMDAwMDAwMDAwMH19",
          "dependencies": [
            "aws_vpc.xdp_vpc"
          ]
        }
      ]
    },
    {
      "mode": "managed",
      "type": "aws_network_interface",
      "name": "di_0",
      "provider": "provider[\"registry.terraform.io/hashicorp/aws\"]",
      "instances": [
        {
          "schema_version": 0,
          "attributes": {
            "arn": "arn:aws:ec2:us-east-1:152657297141:network-interface/eni-073b5f4649273ca3b",
            "attachment": [],
            "description": "",
            "id": "eni-073b5f4649273ca3b",
            "interface_type": "interface",
            "ipv4_prefix_count": 0,
            "ipv4_prefixes": [],
            "ipv6_address_count": 0,
            "ipv6_address_list": [],
            "ipv6_address_list_enabled": false,
            "ipv6_addresses": [],
            "ipv6_prefix_count": 0,
            "ipv6_prefixes": [],
            "mac_address": "02:9a:3c:21:05:c1",
            "outpost_arn": "",
            "owner_id": "152657297141",
            "private_dns_name": "",
            "private_ip": "198.18.60.10",
            "private_ip_list": [
              "198.18.60.10"
            ],
            "private_ip_list_enabled": false,
            "private_ips": [
              "198.18.60.10"
            ],
            "private_ips_count": 0,
            "security_groups": [
              "sg-060ed47419f4ab3fb"
            ],
            "source_dest_check": true,
            "subnet_id": "subnet-097662c95096052d0",
            "tags": {
              "Name": "DUT Int 0"
            },
            "tags_all": {
              "Name": "DUT Int 0"
            }
          },
          "sensitive_attributes": [],
          "private": "bnVsbA==",
          "dependencies": [
            "aws_security_group.xdp_sg",
            "aws_subnet.xdp_public_subnet",
            "aws_vpc.xdp_vpc"
          ]
        }
      ]
    },
    {
      "mode": "managed",
      "type": "aws_network_interface",
      "name": "di_1",
      "provider": "provider[\"registry.terraform.io/hashicorp/aws\"]",
      "instances": [
        {
          "schema_version": 0,
          "attributes": {
            "arn": "arn:aws:ec2:us-east-1:152657297141:network-interface/eni-0ac2a6d5f2136d2e0",
            "attachment": [],
            "description": "",
            "id": "eni-0ac2a6d5f2136d2e0",
            "interface_type": "interface",
            "ipv4_prefix_count": 0,
            "ipv4_prefixes": [],
            "ipv6_address_count": 0,
            "ipv6_address_list": [],
            "ipv6_address_list_enabled": false,
            "ipv6_addresses": [],
            "ipv6_prefix_count": 0,
            "ipv6_prefixes": [],
            "mac_address": "02:2e:4c:e7:95:0b",
            "outpost_arn": "",
            "owner_id": "152657297141",
            "private_dns_name": "",
            "private_ip": "198.18.1.10",
            "private_ip_list": [
              "198.18.1.10"
            ],
            "private_ip_list_enabled": false,
            "private_ips": [
              "198.18.1.10"
            ],
            "private_ips_count": 0,
            "security_groups": [
              "sg-060ed47419f4ab3fb"
            ],
            "source_dest_check": false,
            "subnet_id": "subnet-06605bb95f9d4c2b7",
            "tags": {
              "Name": "DUT Int 1"
            },
            "tags_all": {
              "Name": "DUT Int 1"
            }
          },
          "sensitive_attributes": [],
          "private": "bnVsbA==",
          "dependencies": [
            "aws_security_group.xdp_sg",
            "aws_subnet.xdp_private_subnet1",
            "aws_vpc.xdp_vpc"
          ]
        }
      ]
    },
    {
      "mode": "managed",
      "type": "aws_network_interface",
      "name": "di_2",
      "provider": "provider[\"registry.terraform.io/hashicorp/aws\"]",
      "instances": [
        {
          "schema_version": 0,
          "attributes": {
            "arn": "arn:aws:ec2:us-east-1:152657297141:network-interface/eni-0366a8bbce5f65cc2",
            "attachment": [],
            "description": "",
            "id": "eni-0366a8bbce5f65cc2",
            "interface_type": "interface",
            "ipv4_prefix_count": 0,
            "ipv4_prefixes": [],
            "ipv6_address_count": 0,
            "ipv6_address_list": [],
            "ipv6_address_list_enabled": false,
            "ipv6_addresses": [],
            "ipv6_prefix_count": 0,
            "ipv6_prefixes": [],
            "mac_address": "02:73:e0:f0:3a:2b",
            "outpost_arn": "",
            "owner_id": "152657297141",
            "private_dns_name": "",
            "private_ip": "198.18.2.10",
            "private_ip_list": [
              "198.18.2.10"
            ],
            "private_ip_list_enabled": false,
            "private_ips": [
              "198.18.2.10"
            ],
            "private_ips_count": 0,
            "security_groups": [
              "sg-060ed47419f4ab3fb"
            ],
            "source_dest_check": false,
            "subnet_id": "subnet-024bace50c78ff5cc",
            "tags": {
              "Name": "DUT Int 2"
            },
            "tags_all": {
              "Name": "DUT Int 2"
            }
          },
          "sensitive_attributes": [],
          "private": "bnVsbA==",
          "dependencies": [
            "aws_security_group.xdp_sg",
            "aws_subnet.xdp_private_subnet2",
            "aws_vpc.xdp_vpc"
          ]
        }
      ]
    },
    {
      "mode": "managed",
      "type": "aws_network_interface",
      "name": "ti_0",
      "provider": "provider[\"registry.terraform.io/hashicorp/aws\"]",
      "instances": [
        {
          "schema_version": 0,
          "attributes": {
            "arn": "arn:aws:ec2:us-east-1:152657297141:network-interface/eni-08563ae405a207dc4",
            "attachment": [],
            "description": "",
            "id": "eni-08563ae405a207dc4",
            "interface_type": "interface",
            "ipv4_prefix_count": 0,
            "ipv4_prefixes": [],
            "ipv6_address_count": 0,
            "ipv6_address_list": [],
            "ipv6_address_list_enabled": false,
            "ipv6_addresses": [],
            "ipv6_prefix_count": 0,
            "ipv6_prefixes": [],
            "mac_address": "02:ca:74:1d:70:d7",
            "outpost_arn": "",
            "owner_id": "152657297141",
            "private_dns_name": "",
            "private_ip": "198.18.60.11",
            "private_ip_list": [
              "198.18.60.11"
            ],
            "private_ip_list_enabled": false,
            "private_ips": [
              "198.18.60.11"
            ],
            "private_ips_count": 0,
            "security_groups": [
              "sg-060ed47419f4ab3fb"
            ],
            "source_dest_check": true,
            "subnet_id": "subnet-097662c95096052d0",
            "tags": {
              "Name": "tRex Int 0"
            },
            "tags_all": {
              "Name": "tRex Int 0"
            }
          },
          "sensitive_attributes": [],
          "private": "bnVsbA==",
          "dependencies": [
            "aws_security_group.xdp_sg",
            "aws_subnet.xdp_public_subnet",
            "aws_vpc.xdp_vpc"
          ]
        }
      ]
    },
    {
      "mode": "managed",
      "type": "aws_network_interface",
      "name": "ti_1",
      "provider": "provider[\"registry.terraform.io/hashicorp/aws\"]",
      "instances": [
        {
          "schema_version": 0,
          "attributes": {
            "arn": "arn:aws:ec2:us-east-1:152657297141:network-interface/eni-01ce4103a7046bac3",
            "attachment": [],
            "description": "",
            "id": "eni-01ce4103a7046bac3",
            "interface_type": "interface",
            "ipv4_prefix_count": 0,
            "ipv4_prefixes": [],
            "ipv6_address_count": 0,
            "ipv6_address_list": [],
            "ipv6_address_list_enabled": false,
            "ipv6_addresses": [],
            "ipv6_prefix_count": 0,
            "ipv6_prefixes": [],
            "mac_address": "02:8f:23:64:ce:09",
            "outpost_arn": "",
            "owner_id": "152657297141",
            "private_dns_name": "",
            "private_ip": "198.18.1.11",
            "private_ip_list": [
              "198.18.1.11"
            ],
            "private_ip_list_enabled": false,
            "private_ips": [
              "198.18.1.11"
            ],
            "private_ips_count": 0,
            "security_groups": [
              "sg-060ed47419f4ab3fb"
            ],
            "source_dest_check": false,
            "subnet_id": "subnet-06605bb95f9d4c2b7",
            "tags": {
              "Name": "tRex Int 1"
            },
            "tags_all": {
              "Name": "tRex Int 1"
            }
          },
          "sensitive_attributes": [],
          "private": "bnVsbA==",
          "dependencies": [
            "aws_security_group.xdp_sg",
            "aws_subnet.xdp_private_subnet1",
            "aws_vpc.xdp_vpc"
          ]
        }
      ]
    },
    {
      "mode": "managed",
      "type": "aws_network_interface",
      "name": "ti_2",
      "provider": "provider[\"registry.terraform.io/hashicorp/aws\"]",
      "instances": [
        {
          "schema_version": 0,
          "attributes": {
            "arn": "arn:aws:ec2:us-east-1:152657297141:network-interface/eni-06d23659f9c9d38bc",
            "attachment": [],
            "description": "",
            "id": "eni-06d23659f9c9d38bc",
            "interface_type": "interface",
            "ipv4_prefix_count": 0,
            "ipv4_prefixes": [],
            "ipv6_address_count": 0,
            "ipv6_address_list": [],
            "ipv6_address_list_enabled": false,
            "ipv6_addresses": [],
            "ipv6_prefix_count": 0,
            "ipv6_prefixes": [],
            "mac_address": "02:20:6a:3f:cc:5d",
            "outpost_arn": "",
            "owner_id": "152657297141",
            "private_dns_name": "",
            "private_ip": "198.18.2.11",
            "private_ip_list": [
              "198.18.2.11"
            ],
            "private_ip_list_enabled": false,
            "private_ips": [
              "198.18.2.11"
            ],
            "private_ips_count": 0,
            "security_groups": [
              "sg-060ed47419f4ab3fb"
            ],
            "source_dest_check": false,
            "subnet_id": "subnet-024bace50c78ff5cc",
            "tags": {
              "Name": "tRex Int 2"
            },
            "tags_all": {
              "Name": "tRex Int 2"
            }
          },
          "sensitive_attributes": [],
          "private": "bnVsbA==",
          "dependencies": [
            "aws_security_group.xdp_sg",
            "aws_subnet.xdp_private_subnet2",
            "aws_vpc.xdp_vpc"
          ]
        }
      ]
    },
    {
      "mode": "managed",
      "type": "aws_placement_group",
      "name": "xdp_pg",
      "provider": "provider[\"registry.terraform.io/hashicorp/aws\"]",
      "instances": [
        {
          "schema_version": 0,
          "attributes": {
            "arn": "arn:aws:ec2:us-east-1:152657297141:placement-group/xdp-pg",
            "id": "xdp-pg",
            "name": "xdp-pg",
            "partition_count": 0,
            "placement_group_id": "pg-0b1d7d703130ba40a",
            "spread_level": "",
            "strategy": "cluster",
            "tags": null,
            "tags_all": {}
          },
          "sensitive_attributes": [],
          "private": "bnVsbA=="
        }
      ]
    },
    {
      "mode": "managed",
      "type": "aws_route_table",
      "name": "xdp_public_rt",
      "provider": "provider[\"registry.terraform.io/hashicorp/aws\"]",
      "instances": [
        {
          "schema_version": 0,
          "attributes": {
            "arn": "arn:aws:ec2:us-east-1:152657297141:route-table/rtb-0b09f85fc5ce990cf",
            "id": "rtb-0b09f85fc5ce990cf",
            "owner_id": "152657297141",
            "propagating_vgws": [],
            "route": [
              {
                "carrier_gateway_id": "",
                "cidr_block": "",
                "core_network_arn": "",
                "destination_prefix_list_id": "",
                "egress_only_gateway_id": "",
                "gateway_id": "igw-0373552b6dfdf6386",
                "instance_id": "",
                "ipv6_cidr_block": "::/0",
                "local_gateway_id": "",
                "nat_gateway_id": "",
                "network_interface_id": "",
                "transit_gateway_id": "",
                "vpc_endpoint_id": "",
                "vpc_peering_connection_id": ""
              },
              {
                "carrier_gateway_id": "",
                "cidr_block": "0.0.0.0/0",
                "core_network_arn": "",
                "destination_prefix_list_id": "",
                "egress_only_gateway_id": "",
                "gateway_id": "igw-0373552b6dfdf6386",
                "instance_id": "",
                "ipv6_cidr_block": "",
                "local_gateway_id": "",
                "nat_gateway_id": "",
                "network_interface_id": "",
                "transit_gateway_id": "",
                "vpc_endpoint_id": "",
                "vpc_peering_connection_id": ""
              }
            ],
            "tags": {
              "Name": "xdp-public-route-table"
            },
            "tags_all": {
              "Name": "xdp-public-route-table"
            },
            "timeouts": null,
            "vpc_id": "vpc-01dcacfdaaf61302e"
          },
          "sensitive_attributes": [],
          "private": "eyJlMmJmYjczMC1lY2FhLTExZTYtOGY4OC0zNDM2M2JjN2M0YzAiOnsiY3JlYXRlIjozMDAwMDAwMDAwMDAsImRlbGV0ZSI6MzAwMDAwMDAwMDAwLCJ1cGRhdGUiOjEyMDAwMDAwMDAwMH19",
          "dependencies": [
            "aws_internet_gateway.xdp_ig",
            "aws_vpc.xdp_vpc"
          ]
        }
      ]
    },
    {
      "mode": "managed",
      "type": "aws_route_table_association",
      "name": "xdp_public_1_rt_a",
      "provider": "provider[\"registry.terraform.io/hashicorp/aws\"]",
      "instances": [
        {
          "schema_version": 0,
          "attributes": {
            "gateway_id": "",
            "id": "rtbassoc-03f905bb74e7e8623",
            "route_table_id": "rtb-0b09f85fc5ce990cf",
            "subnet_id": "subnet-097662c95096052d0"
          },
          "sensitive_attributes": [],
          "private": "bnVsbA==",
          "dependencies": [
            "aws_internet_gateway.xdp_ig",
            "aws_route_table.xdp_public_rt",
            "aws_subnet.xdp_public_subnet",
            "aws_vpc.xdp_vpc"
          ]
        }
      ]
    },
    {
      "mode": "managed",
      "type": "aws_security_group",
      "name": "xdp_sg",
      "provider": "provider[\"registry.terraform.io/hashicorp/aws\"]",
      "instances": [
        {
          "schema_version": 1,
          "attributes": {
            "arn": "arn:aws:ec2:us-east-1:152657297141:security-group/sg-060ed47419f4ab3fb",
            "description": "Managed by Terraform",
            "egress": [
              {
                "cidr_blocks": [
                  "0.0.0.0/0"
                ],
                "description": "Allow all outgoing traffic",
                "from_port": 0,
                "ipv6_cidr_blocks": [
                  "::/0"
                ],
                "prefix_list_ids": [],
                "protocol": "-1",
                "security_groups": [],
                "self": false,
                "to_port": 0
              }
            ],
            "id": "sg-060ed47419f4ab3fb",
            "ingress": [
              {
                "cidr_blocks": [
                  "0.0.0.0/0"
                ],
                "description": "Ping",
                "from_port": 8,
                "ipv6_cidr_blocks": [],
                "prefix_list_ids": [],
                "protocol": "icmp",
                "security_groups": [],
                "self": false,
                "to_port": 0
              },
              {
                "cidr_blocks": [
                  "0.0.0.0/0"
                ],
                "description": "SSH",
                "from_port": 22,
                "ipv6_cidr_blocks": [],
                "prefix_list_ids": [],
                "protocol": "tcp",
                "security_groups": [],
                "self": false,
                "to_port": 22
              },
              {
                "cidr_blocks": [],
                "description": "For security group",
                "from_port": 0,
                "ipv6_cidr_blocks": [],
                "prefix_list_ids": [],
                "protocol": "-1",
                "security_groups": [],
                "self": true,
                "to_port": 0
              }
            ],
            "name": "PING and SSH",
            "name_prefix": "",
            "owner_id": "152657297141",
            "revoke_rules_on_delete": false,
            "tags": null,
            "tags_all": {},
            "timeouts": null,
            "vpc_id": "vpc-01dcacfdaaf61302e"
          },
          "sensitive_attributes": [],
          "private": "eyJlMmJmYjczMC1lY2FhLTExZTYtOGY4OC0zNDM2M2JjN2M0YzAiOnsiY3JlYXRlIjo2MDAwMDAwMDAwMDAsImRlbGV0ZSI6OTAwMDAwMDAwMDAwfSwic2NoZW1hX3ZlcnNpb24iOiIxIn0=",
          "dependencies": [
            "aws_vpc.xdp_vpc"
          ]
        }
      ]
    },
    {
      "mode": "managed",
      "type": "aws_subnet",
      "name": "xdp_private_subnet1",
      "provider": "provider[\"registry.terraform.io/hashicorp/aws\"]",
      "instances": [
        {
          "schema_version": 1,
          "attributes": {
            "arn": "arn:aws:ec2:us-east-1:152657297141:subnet/subnet-06605bb95f9d4c2b7",
            "assign_ipv6_address_on_creation": false,
            "availability_zone": "us-east-1a",
            "availability_zone_id": "use1-az1",
            "cidr_block": "198.18.1.0/24",
            "customer_owned_ipv4_pool": "",
            "enable_dns64": false,
            "enable_resource_name_dns_a_record_on_launch": false,
            "enable_resource_name_dns_aaaa_record_on_launch": false,
            "id": "subnet-06605bb95f9d4c2b7",
            "ipv6_cidr_block": "",
            "ipv6_cidr_block_association_id": "",
            "ipv6_native": false,
            "map_customer_owned_ip_on_launch": false,
            "map_public_ip_on_launch": false,
            "outpost_arn": "",
            "owner_id": "152657297141",
            "private_dns_hostname_type_on_launch": "ip-name",
            "tags": {
              "Name": "xdp-private-subnet1"
            },
            "tags_all": {
              "Name": "xdp-private-subnet1"
            },
            "timeouts": null,
            "vpc_id": "vpc-01dcacfdaaf61302e"
          },
          "sensitive_attributes": [],
          "private": "eyJlMmJmYjczMC1lY2FhLTExZTYtOGY4OC0zNDM2M2JjN2M0YzAiOnsiY3JlYXRlIjo2MDAwMDAwMDAwMDAsImRlbGV0ZSI6MTIwMDAwMDAwMDAwMH0sInNjaGVtYV92ZXJzaW9uIjoiMSJ9",
          "dependencies": [
            "aws_vpc.xdp_vpc"
          ]
        }
      ]
    },
    {
      "mode": "managed",
      "type": "aws_subnet",
      "name": "xdp_private_subnet2",
      "provider": "provider[\"registry.terraform.io/hashicorp/aws\"]",
      "instances": [
        {
          "schema_version": 1,
          "attributes": {
            "arn": "arn:aws:ec2:us-east-1:152657297141:subnet/subnet-024bace50c78ff5cc",
            "assign_ipv6_address_on_creation": false,
            "availability_zone": "us-east-1a",
            "availability_zone_id": "use1-az1",
            "cidr_block": "198.18.2.0/24",
            "customer_owned_ipv4_pool": "",
            "enable_dns64": false,
            "enable_resource_name_dns_a_record_on_launch": false,
            "enable_resource_name_dns_aaaa_record_on_launch": false,
            "id": "subnet-024bace50c78ff5cc",
            "ipv6_cidr_block": "",
            "ipv6_cidr_block_association_id": "",
            "ipv6_native": false,
            "map_customer_owned_ip_on_launch": false,
            "map_public_ip_on_launch": false,
            "outpost_arn": "",
            "owner_id": "152657297141",
            "private_dns_hostname_type_on_launch": "ip-name",
            "tags": {
              "Name": "xdp-private-subnet2"
            },
            "tags_all": {
              "Name": "xdp-private-subnet2"
            },
            "timeouts": null,
            "vpc_id": "vpc-01dcacfdaaf61302e"
          },
          "sensitive_attributes": [],
          "private": "eyJlMmJmYjczMC1lY2FhLTExZTYtOGY4OC0zNDM2M2JjN2M0YzAiOnsiY3JlYXRlIjo2MDAwMDAwMDAwMDAsImRlbGV0ZSI6MTIwMDAwMDAwMDAwMH0sInNjaGVtYV92ZXJzaW9uIjoiMSJ9",
          "dependencies": [
            "aws_vpc.xdp_vpc"
          ]
        }
      ]
    },
    {
      "mode": "managed",
      "type": "aws_subnet",
      "name": "xdp_public_subnet",
      "provider": "provider[\"registry.terraform.io/hashicorp/aws\"]",
      "instances": [
        {
          "schema_version": 1,
          "attributes": {
            "arn": "arn:aws:ec2:us-east-1:152657297141:subnet/subnet-097662c95096052d0",
            "assign_ipv6_address_on_creation": false,
            "availability_zone": "us-east-1a",
            "availability_zone_id": "use1-az1",
            "cidr_block": "198.18.60.0/24",
            "customer_owned_ipv4_pool": "",
            "enable_dns64": false,
            "enable_resource_name_dns_a_record_on_launch": false,
            "enable_resource_name_dns_aaaa_record_on_launch": false,
            "id": "subnet-097662c95096052d0",
            "ipv6_cidr_block": "",
            "ipv6_cidr_block_association_id": "",
            "ipv6_native": false,
            "map_customer_owned_ip_on_launch": false,
            "map_public_ip_on_launch": false,
            "outpost_arn": "",
            "owner_id": "152657297141",
            "private_dns_hostname_type_on_launch": "ip-name",
            "tags": {
              "Name": "xdp-public-subnet"
            },
            "tags_all": {
              "Name": "xdp-public-subnet"
            },
            "timeouts": null,
            "vpc_id": "vpc-01dcacfdaaf61302e"
          },
          "sensitive_attributes": [],
          "private": "eyJlMmJmYjczMC1lY2FhLTExZTYtOGY4OC0zNDM2M2JjN2M0YzAiOnsiY3JlYXRlIjo2MDAwMDAwMDAwMDAsImRlbGV0ZSI6MTIwMDAwMDAwMDAwMH0sInNjaGVtYV92ZXJzaW9uIjoiMSJ9",
          "dependencies": [
            "aws_vpc.xdp_vpc"
          ]
        }
      ]
    },
    {
      "mode": "managed",
      "type": "aws_vpc",
      "name": "xdp_vpc",
      "provider": "provider[\"registry.terraform.io/hashicorp/aws\"]",
      "instances": [
        {
          "schema_version": 1,
          "attributes": {
            "arn": "arn:aws:ec2:us-east-1:152657297141:vpc/vpc-01dcacfdaaf61302e",
            "assign_generated_ipv6_cidr_block": false,
            "cidr_block": "198.18.0.0/16",
            "default_network_acl_id": "acl-070db6c19f008ff9f",
            "default_route_table_id": "rtb-033ef60672ff5b22c",
            "default_security_group_id": "sg-0e15493160e09a9d9",
            "dhcp_options_id": "dopt-028ce7f783256ad01",
            "enable_classiclink": false,
            "enable_classiclink_dns_support": false,
            "enable_dns_hostnames": false,
            "enable_dns_support": true,
            "enable_network_address_usage_metrics": false,
            "id": "vpc-01dcacfdaaf61302e",
            "instance_tenancy": "default",
            "ipv4_ipam_pool_id": null,
            "ipv4_netmask_length": null,
            "ipv6_association_id": "",
            "ipv6_cidr_block": "",
            "ipv6_cidr_block_network_border_group": "",
            "ipv6_ipam_pool_id": "",
            "ipv6_netmask_length": 0,
            "main_route_table_id": "rtb-033ef60672ff5b22c",
            "owner_id": "152657297141",
            "tags": {
              "Name": "xdp-vpc"
            },
            "tags_all": {
              "Name": "xdp-vpc"
            }
          },
          "sensitive_attributes": [],
          "private": "eyJzY2hlbWFfdmVyc2lvbiI6IjEifQ=="
        }
      ]
    }
  ],
  "check_results": null
}
