{
  "version": 4,
  "terraform_version": "1.3.5",
  "serial": 57,
  "lineage": "06959fc8-eec3-1b6b-6b76-5fbfc96ec978",
  "outputs": {
    "dut_private_ip": {
      "value": "198.18.207.253",
      "type": "string"
    },
    "dut_public_ip": {
      "value": "35.183.4.52",
      "type": "string"
    },
    "trex_private_ip": {
      "value": "198.18.27.219",
      "type": "string"
    },
    "trex_public_ip": {
      "value": "15.223.5.167",
      "type": "string"
    }
  },
  "resources": [
    {
      "mode": "data",
      "type": "template_file",
      "name": "install_tools",
      "provider": "provider[\"registry.terraform.io/hashicorp/template\"]",
      "instances": [
        {
          "schema_version": 0,
          "attributes": {
            "filename": null,
            "id": "8478e20cceb492225317a89a2f4f5f5410afe96fb73306b8b7c9c70de06b3707",
            "rendered": "#!/bin/bash\nsudo apt-get update\n\n# route : to add static routes for forwarding\nsudo DEBIAN_FRONTEND=noninteractive apt-get install -y net-tools\n\n# conntrack : To use conntrack with iptables drop\nsudo DEBIAN_FRONTEND=noninteractive apt-get install -y conntrack\n\n# mpstat : To measure CPU usage\nsudo DEBIAN_FRONTEND=noninteractive apt-get install -y sysstat\n\n# iperf3 : To measure baseline band width\nsudo DEBIAN_FRONTEND=noninteractive apt-get install -y iperf3",
            "template": "#!/bin/bash\nsudo apt-get update\n\n# route : to add static routes for forwarding\nsudo DEBIAN_FRONTEND=noninteractive apt-get install -y net-tools\n\n# conntrack : To use conntrack with iptables drop\nsudo DEBIAN_FRONTEND=noninteractive apt-get install -y conntrack\n\n# mpstat : To measure CPU usage\nsudo DEBIAN_FRONTEND=noninteractive apt-get install -y sysstat\n\n# iperf3 : To measure baseline band width\nsudo DEBIAN_FRONTEND=noninteractive apt-get install -y iperf3",
            "vars": null
          },
          "sensitive_attributes": []
        }
      ]
    },
    {
      "mode": "data",
      "type": "template_file",
      "name": "install_trex",
      "provider": "provider[\"registry.terraform.io/hashicorp/template\"]",
      "instances": [
        {
          "schema_version": 0,
          "attributes": {
            "filename": null,
            "id": "d968ba21fd3eebb6a410e6f18b7bdde1dc2a209435fc43896b39fe61bbff83ce",
            "rendered": "#!/bin/bash\n\n# set hostname\n# hostname tRex\n\n# run as root\n# create trex dir\nmkdir -p /opt/trex\ncd /opt/trex \n\n# get latest trex\nwget --no-cache --no-check-certificate https://trex-tgn.cisco.com/trex/release/latest\n\n# extract trex\ntar -zxvf latest ",
            "template": "#!/bin/bash\n\n# set hostname\n# hostname tRex\n\n# run as root\n# create trex dir\nmkdir -p /opt/trex\ncd /opt/trex \n\n# get latest trex\nwget --no-cache --no-check-certificate https://trex-tgn.cisco.com/trex/release/latest\n\n# extract trex\ntar -zxvf latest ",
            "vars": null
          },
          "sensitive_attributes": []
        }
      ]
    },
    {
      "mode": "data",
      "type": "template_file",
      "name": "linux_source",
      "provider": "provider[\"registry.terraform.io/hashicorp/template\"]",
      "instances": [
        {
          "schema_version": 0,
          "attributes": {
            "filename": null,
            "id": "ffe173e9ffe12ab76c423d888aa2ed54d63990aa4f2ce7d4e0d9d1716f5cd820",
            "rendered": "#!/bin/bash\n\n# https://wiki.ubuntu.com/Kernel/BuildYourOwnKernel\n\n# uncomment deb-src in /etc/apt/sources.list\nsudo sed -i '/jammy main restricted/s/^#//g' /etc/apt/sources.list\nsudo sed -i '/jammy-updates main restricted/s/^#//g' /etc/apt/sources.list\n\nsudo apt-get update\n\n# kernel build dependencies\nsudo DEBIAN_FRONTEND=noninteractive apt-get build-dep -y linux linux-image-$(uname -r)\n\n# get all dependecies\nsudo DEBIAN_FRONTEND=noninteractive apt-get install -y libncurses-dev gawk flex bison openssl libssl-dev dkms libelf-dev libudev-dev libpci-dev libiberty-dev autoconf llvm\n\n# get fakeroot\nsudo DEBIAN_FRONTEND=noninteractive apt install -y  fakeroot\n\n# get clang\nsudo DEBIAN_FRONTEND=noninteractive apt install -y clang\n\n# get linux source code\nsudo apt-get source -y linux-image-unsigned-$(uname -r)\n\n# Interaction needed for below commands\n\n# # inside kernel source\n# cd linux-5.15.0\n\n# # modifying kernel config part, https://wiki.ubuntu.com/Kernel/BuildYourOwnKernel\n# chmod a+x debian/rules\n# chmod a+x debian/scripts/*\n# chmod a+x debian/scripts/misc/*\n# LANG=C fakeroot debian/rules clean\n# LANG=C fakeroot debian/rules editconfigs # you need to go through each (Y, Exit, Y, Exit..) or get a complaint about config later\n\n# # https://elixir.bootlin.com/linux/v5.15/source/samples/bpf/README.rst\n# # compile bpf samples\n# make oldconfig \u0026\u0026 make prepare\n# make headers_install\n# make VMLINUX_BTF=/sys/kernel/btf/vmlinux -C samples/bpf\n\n\n\n\n ",
            "template": "#!/bin/bash\n\n# https://wiki.ubuntu.com/Kernel/BuildYourOwnKernel\n\n# uncomment deb-src in /etc/apt/sources.list\nsudo sed -i '/jammy main restricted/s/^#//g' /etc/apt/sources.list\nsudo sed -i '/jammy-updates main restricted/s/^#//g' /etc/apt/sources.list\n\nsudo apt-get update\n\n# kernel build dependencies\nsudo DEBIAN_FRONTEND=noninteractive apt-get build-dep -y linux linux-image-$(uname -r)\n\n# get all dependecies\nsudo DEBIAN_FRONTEND=noninteractive apt-get install -y libncurses-dev gawk flex bison openssl libssl-dev dkms libelf-dev libudev-dev libpci-dev libiberty-dev autoconf llvm\n\n# get fakeroot\nsudo DEBIAN_FRONTEND=noninteractive apt install -y  fakeroot\n\n# get clang\nsudo DEBIAN_FRONTEND=noninteractive apt install -y clang\n\n# get linux source code\nsudo apt-get source -y linux-image-unsigned-$(uname -r)\n\n# Interaction needed for below commands\n\n# # inside kernel source\n# cd linux-5.15.0\n\n# # modifying kernel config part, https://wiki.ubuntu.com/Kernel/BuildYourOwnKernel\n# chmod a+x debian/rules\n# chmod a+x debian/scripts/*\n# chmod a+x debian/scripts/misc/*\n# LANG=C fakeroot debian/rules clean\n# LANG=C fakeroot debian/rules editconfigs # you need to go through each (Y, Exit, Y, Exit..) or get a complaint about config later\n\n# # https://elixir.bootlin.com/linux/v5.15/source/samples/bpf/README.rst\n# # compile bpf samples\n# make oldconfig \u0026\u0026 make prepare\n# make headers_install\n# make VMLINUX_BTF=/sys/kernel/btf/vmlinux -C samples/bpf\n\n\n\n\n ",
            "vars": null
          },
          "sensitive_attributes": []
        }
      ]
    },
    {
      "mode": "managed",
      "type": "aws_instance",
      "name": "trex",
      "provider": "provider[\"registry.terraform.io/hashicorp/aws\"]",
      "instances": [
        {
          "schema_version": 1,
          "attributes": {
            "ami": "ami-0a7154091c5c6623e",
            "arn": "arn:aws:ec2:ca-central-1:152657297141:instance/i-07f31987f981d8d5a",
            "associate_public_ip_address": true,
            "availability_zone": "ca-central-1a",
            "capacity_reservation_specification": [
              {
                "capacity_reservation_preference": "open",
                "capacity_reservation_target": []
              }
            ],
            "cpu_core_count": 1,
            "cpu_threads_per_core": 1,
            "credit_specification": [
              {
                "cpu_credits": "standard"
              }
            ],
            "disable_api_stop": false,
            "disable_api_termination": false,
            "ebs_block_device": [],
            "ebs_optimized": false,
            "enclave_options": [
              {
                "enabled": false
              }
            ],
            "ephemeral_block_device": [],
            "get_password_data": false,
            "hibernation": false,
            "host_id": null,
            "host_resource_group_arn": null,
            "iam_instance_profile": "",
            "id": "i-07f31987f981d8d5a",
            "instance_initiated_shutdown_behavior": "stop",
            "instance_state": "running",
            "instance_type": "t2.micro",
            "ipv6_address_count": 0,
            "ipv6_addresses": [],
            "key_name": "xdp681",
            "launch_template": [],
            "maintenance_options": [
              {
                "auto_recovery": "default"
              }
            ],
            "metadata_options": [
              {
                "http_endpoint": "enabled",
                "http_put_response_hop_limit": 1,
                "http_tokens": "optional",
                "instance_metadata_tags": "disabled"
              }
            ],
            "monitoring": false,
            "network_interface": [],
            "outpost_arn": "",
            "password_data": "",
            "placement_group": "",
            "placement_partition_number": null,
            "primary_network_interface_id": "eni-033c742b2336bd638",
            "private_dns": "ip-198-18-27-219.ca-central-1.compute.internal",
            "private_dns_name_options": [
              {
                "enable_resource_name_dns_a_record": false,
                "enable_resource_name_dns_aaaa_record": false,
                "hostname_type": "ip-name"
              }
            ],
            "private_ip": "198.18.27.219",
            "public_dns": "",
            "public_ip": "15.223.5.167",
            "root_block_device": [
              {
                "delete_on_termination": true,
                "device_name": "/dev/sda1",
                "encrypted": false,
                "iops": 100,
                "kms_key_id": "",
                "tags": {},
                "throughput": 0,
                "volume_id": "vol-0849975608602d98c",
                "volume_size": 8,
                "volume_type": "gp2"
              }
            ],
            "secondary_private_ips": [],
            "security_groups": [],
            "source_dest_check": true,
            "subnet_id": "subnet-07a98d535bd2bf11d",
            "tags": {
              "Name": "tRex"
            },
            "tags_all": {
              "Name": "tRex"
            },
            "tenancy": "default",
            "timeouts": null,
            "user_data": "b0b9fbb5ba699d2f33c75ce8a75101028879c15e",
            "user_data_base64": null,
            "user_data_replace_on_change": false,
            "volume_tags": null,
            "vpc_security_group_ids": [
              "sg-0e39955dda3e25f63"
            ]
          },
          "sensitive_attributes": [],
          "private": "eyJlMmJmYjczMC1lY2FhLTExZTYtOGY4OC0zNDM2M2JjN2M0YzAiOnsiY3JlYXRlIjo2MDAwMDAwMDAwMDAsImRlbGV0ZSI6MTIwMDAwMDAwMDAwMCwidXBkYXRlIjo2MDAwMDAwMDAwMDB9LCJzY2hlbWFfdmVyc2lvbiI6IjEifQ==",
          "dependencies": [
            "aws_security_group.xdp_sg",
            "aws_subnet.xdp_public_subnet",
            "aws_vpc.xdp_vpc",
            "data.template_file.install_tools",
            "data.template_file.install_trex"
          ]
        }
      ]
    },
    {
      "mode": "managed",
      "type": "aws_instance",
      "name": "xdp_dut",
      "provider": "provider[\"registry.terraform.io/hashicorp/aws\"]",
      "instances": [
        {
          "schema_version": 1,
          "attributes": {
            "ami": "ami-0a7154091c5c6623e",
            "arn": "arn:aws:ec2:ca-central-1:152657297141:instance/i-0e1cb5e76a86ded72",
            "associate_public_ip_address": true,
            "availability_zone": "ca-central-1a",
            "capacity_reservation_specification": [
              {
                "capacity_reservation_preference": "open",
                "capacity_reservation_target": []
              }
            ],
            "cpu_core_count": 1,
            "cpu_threads_per_core": 1,
            "credit_specification": [
              {
                "cpu_credits": "standard"
              }
            ],
            "disable_api_stop": false,
            "disable_api_termination": false,
            "ebs_block_device": [],
            "ebs_optimized": false,
            "enclave_options": [
              {
                "enabled": false
              }
            ],
            "ephemeral_block_device": [],
            "get_password_data": false,
            "hibernation": false,
            "host_id": null,
            "host_resource_group_arn": null,
            "iam_instance_profile": "",
            "id": "i-0e1cb5e76a86ded72",
            "instance_initiated_shutdown_behavior": "stop",
            "instance_state": "running",
            "instance_type": "t2.micro",
            "ipv6_address_count": 0,
            "ipv6_addresses": [],
            "key_name": "xdp681",
            "launch_template": [],
            "maintenance_options": [
              {
                "auto_recovery": "default"
              }
            ],
            "metadata_options": [
              {
                "http_endpoint": "enabled",
                "http_put_response_hop_limit": 1,
                "http_tokens": "optional",
                "instance_metadata_tags": "disabled"
              }
            ],
            "monitoring": false,
            "network_interface": [],
            "outpost_arn": "",
            "password_data": "",
            "placement_group": "",
            "placement_partition_number": null,
            "primary_network_interface_id": "eni-0ea9b21db4123ab0a",
            "private_dns": "ip-198-18-207-253.ca-central-1.compute.internal",
            "private_dns_name_options": [
              {
                "enable_resource_name_dns_a_record": false,
                "enable_resource_name_dns_aaaa_record": false,
                "hostname_type": "ip-name"
              }
            ],
            "private_ip": "198.18.207.253",
            "public_dns": "",
            "public_ip": "35.183.4.52",
            "root_block_device": [
              {
                "delete_on_termination": true,
                "device_name": "/dev/sda1",
                "encrypted": false,
                "iops": 100,
                "kms_key_id": "",
                "tags": {},
                "throughput": 0,
                "volume_id": "vol-0b1e5ab040f6ff467",
                "volume_size": 8,
                "volume_type": "gp2"
              }
            ],
            "secondary_private_ips": [],
            "security_groups": [],
            "source_dest_check": true,
            "subnet_id": "subnet-07a98d535bd2bf11d",
            "tags": {
              "Name": "xdp-DUT"
            },
            "tags_all": {
              "Name": "xdp-DUT"
            },
            "tenancy": "default",
            "timeouts": null,
            "user_data": "ea716c8fca4154ea7d45fa4811959ab60e4d978e",
            "user_data_base64": null,
            "user_data_replace_on_change": false,
            "volume_tags": null,
            "vpc_security_group_ids": [
              "sg-0e39955dda3e25f63"
            ]
          },
          "sensitive_attributes": [],
          "private": "eyJlMmJmYjczMC1lY2FhLTExZTYtOGY4OC0zNDM2M2JjN2M0YzAiOnsiY3JlYXRlIjo2MDAwMDAwMDAwMDAsImRlbGV0ZSI6MTIwMDAwMDAwMDAwMCwidXBkYXRlIjo2MDAwMDAwMDAwMDB9LCJzY2hlbWFfdmVyc2lvbiI6IjEifQ==",
          "dependencies": [
            "aws_security_group.xdp_sg",
            "aws_subnet.xdp_public_subnet",
            "aws_vpc.xdp_vpc",
            "data.template_file.install_tools",
            "data.template_file.linux_source"
          ]
        }
      ]
    },
    {
      "mode": "managed",
      "type": "aws_internet_gateway",
      "name": "xdp_ig",
      "provider": "provider[\"registry.terraform.io/hashicorp/aws\"]",
      "instances": [
        {
          "schema_version": 0,
          "attributes": {
            "arn": "arn:aws:ec2:ca-central-1:152657297141:internet-gateway/igw-0cbec9b4b948f99bf",
            "id": "igw-0cbec9b4b948f99bf",
            "owner_id": "152657297141",
            "tags": {
              "Name": "xdp-internet-gateway"
            },
            "tags_all": {
              "Name": "xdp-internet-gateway"
            },
            "timeouts": null,
            "vpc_id": "vpc-02f18d726812ad323"
          },
          "sensitive_attributes": [],
          "private": "eyJlMmJmYjczMC1lY2FhLTExZTYtOGY4OC0zNDM2M2JjN2M0YzAiOnsiY3JlYXRlIjoxMjAwMDAwMDAwMDAwLCJkZWxldGUiOjEyMDAwMDAwMDAwMDAsInVwZGF0ZSI6MTIwMDAwMDAwMDAwMH19",
          "dependencies": [
            "aws_vpc.xdp_vpc"
          ]
        }
      ]
    },
    {
      "mode": "managed",
      "type": "aws_network_interface",
      "name": "di_1",
      "provider": "provider[\"registry.terraform.io/hashicorp/aws\"]",
      "instances": [
        {
          "schema_version": 0,
          "attributes": {
            "arn": "arn:aws:ec2:ca-central-1:152657297141:network-interface/eni-005a67dd7a1c79166",
            "attachment": [
              {
                "attachment_id": "eni-attach-0e5cff10be74f7679",
                "device_index": 1,
                "instance": "i-0e1cb5e76a86ded72"
              }
            ],
            "description": "",
            "id": "eni-005a67dd7a1c79166",
            "interface_type": "interface",
            "ipv4_prefix_count": 0,
            "ipv4_prefixes": [],
            "ipv6_address_count": 0,
            "ipv6_address_list": [],
            "ipv6_address_list_enabled": false,
            "ipv6_addresses": [],
            "ipv6_prefix_count": 0,
            "ipv6_prefixes": [],
            "mac_address": "02:d6:b5:28:12:c6",
            "outpost_arn": "",
            "owner_id": "152657297141",
            "private_dns_name": "",
            "private_ip": "198.18.1.1",
            "private_ip_list": [
              "198.18.1.1"
            ],
            "private_ip_list_enabled": false,
            "private_ips": [
              "198.18.1.1"
            ],
            "private_ips_count": 0,
            "security_groups": [
              "sg-0e39955dda3e25f63"
            ],
            "source_dest_check": true,
            "subnet_id": "subnet-07a98d535bd2bf11d",
            "tags": {},
            "tags_all": {}
          },
          "sensitive_attributes": [],
          "private": "bnVsbA==",
          "dependencies": [
            "aws_instance.xdp_dut",
            "aws_security_group.xdp_sg",
            "aws_subnet.xdp_public_subnet",
            "aws_vpc.xdp_vpc",
            "data.template_file.install_tools",
            "data.template_file.linux_source"
          ]
        }
      ]
    },
    {
      "mode": "managed",
      "type": "aws_network_interface",
      "name": "ti_1",
      "provider": "provider[\"registry.terraform.io/hashicorp/aws\"]",
      "instances": [
        {
          "schema_version": 0,
          "attributes": {
            "arn": "arn:aws:ec2:ca-central-1:152657297141:network-interface/eni-0f24d2ada7ae93356",
            "attachment": [
              {
                "attachment_id": "eni-attach-0c08c831c16cd0794",
                "device_index": 1,
                "instance": "i-07f31987f981d8d5a"
              }
            ],
            "description": "",
            "id": "eni-0f24d2ada7ae93356",
            "interface_type": "interface",
            "ipv4_prefix_count": 0,
            "ipv4_prefixes": [],
            "ipv6_address_count": 0,
            "ipv6_address_list": [],
            "ipv6_address_list_enabled": false,
            "ipv6_addresses": [],
            "ipv6_prefix_count": 0,
            "ipv6_prefixes": [],
            "mac_address": "02:97:97:21:ed:e6",
            "outpost_arn": "",
            "owner_id": "152657297141",
            "private_dns_name": "",
            "private_ip": "198.18.1.2",
            "private_ip_list": [
              "198.18.1.2"
            ],
            "private_ip_list_enabled": false,
            "private_ips": [
              "198.18.1.2"
            ],
            "private_ips_count": 0,
            "security_groups": [
              "sg-0e39955dda3e25f63"
            ],
            "source_dest_check": true,
            "subnet_id": "subnet-07a98d535bd2bf11d",
            "tags": {},
            "tags_all": {}
          },
          "sensitive_attributes": [],
          "private": "bnVsbA==",
          "dependencies": [
            "aws_instance.trex",
            "aws_security_group.xdp_sg",
            "aws_subnet.xdp_public_subnet",
            "aws_vpc.xdp_vpc",
            "data.template_file.install_tools",
            "data.template_file.install_trex"
          ]
        }
      ]
    },
    {
      "mode": "managed",
      "type": "aws_placement_group",
      "name": "xdp_pg",
      "provider": "provider[\"registry.terraform.io/hashicorp/aws\"]",
      "instances": [
        {
          "schema_version": 0,
          "attributes": {
            "arn": "arn:aws:ec2:ca-central-1:152657297141:placement-group/xdp-pg",
            "id": "xdp-pg",
            "name": "xdp-pg",
            "partition_count": 0,
            "placement_group_id": "pg-0bec28fd3c3146ec2",
            "spread_level": "",
            "strategy": "cluster",
            "tags": {},
            "tags_all": {}
          },
          "sensitive_attributes": [],
          "private": "bnVsbA=="
        }
      ]
    },
    {
      "mode": "managed",
      "type": "aws_route_table",
      "name": "xdp_public_rt",
      "provider": "provider[\"registry.terraform.io/hashicorp/aws\"]",
      "instances": [
        {
          "schema_version": 0,
          "attributes": {
            "arn": "arn:aws:ec2:ca-central-1:152657297141:route-table/rtb-073f8b1f5c0d6958a",
            "id": "rtb-073f8b1f5c0d6958a",
            "owner_id": "152657297141",
            "propagating_vgws": [],
            "route": [
              {
                "carrier_gateway_id": "",
                "cidr_block": "",
                "core_network_arn": "",
                "destination_prefix_list_id": "",
                "egress_only_gateway_id": "",
                "gateway_id": "igw-0cbec9b4b948f99bf",
                "instance_id": "",
                "ipv6_cidr_block": "::/0",
                "local_gateway_id": "",
                "nat_gateway_id": "",
                "network_interface_id": "",
                "transit_gateway_id": "",
                "vpc_endpoint_id": "",
                "vpc_peering_connection_id": ""
              },
              {
                "carrier_gateway_id": "",
                "cidr_block": "0.0.0.0/0",
                "core_network_arn": "",
                "destination_prefix_list_id": "",
                "egress_only_gateway_id": "",
                "gateway_id": "igw-0cbec9b4b948f99bf",
                "instance_id": "",
                "ipv6_cidr_block": "",
                "local_gateway_id": "",
                "nat_gateway_id": "",
                "network_interface_id": "",
                "transit_gateway_id": "",
                "vpc_endpoint_id": "",
                "vpc_peering_connection_id": ""
              }
            ],
            "tags": {
              "Name": "xdp-public-route-table"
            },
            "tags_all": {
              "Name": "xdp-public-route-table"
            },
            "timeouts": null,
            "vpc_id": "vpc-02f18d726812ad323"
          },
          "sensitive_attributes": [],
          "private": "eyJlMmJmYjczMC1lY2FhLTExZTYtOGY4OC0zNDM2M2JjN2M0YzAiOnsiY3JlYXRlIjozMDAwMDAwMDAwMDAsImRlbGV0ZSI6MzAwMDAwMDAwMDAwLCJ1cGRhdGUiOjEyMDAwMDAwMDAwMH19",
          "dependencies": [
            "aws_internet_gateway.xdp_ig",
            "aws_vpc.xdp_vpc"
          ]
        }
      ]
    },
    {
      "mode": "managed",
      "type": "aws_route_table_association",
      "name": "xdp_public_1_rt_a",
      "provider": "provider[\"registry.terraform.io/hashicorp/aws\"]",
      "instances": [
        {
          "schema_version": 0,
          "attributes": {
            "gateway_id": "",
            "id": "rtbassoc-04d695b35a3fc97b1",
            "route_table_id": "rtb-073f8b1f5c0d6958a",
            "subnet_id": "subnet-07a98d535bd2bf11d"
          },
          "sensitive_attributes": [],
          "private": "bnVsbA==",
          "dependencies": [
            "aws_internet_gateway.xdp_ig",
            "aws_route_table.xdp_public_rt",
            "aws_subnet.xdp_public_subnet",
            "aws_vpc.xdp_vpc"
          ]
        }
      ]
    },
    {
      "mode": "managed",
      "type": "aws_security_group",
      "name": "xdp_sg",
      "provider": "provider[\"registry.terraform.io/hashicorp/aws\"]",
      "instances": [
        {
          "schema_version": 1,
          "attributes": {
            "arn": "arn:aws:ec2:ca-central-1:152657297141:security-group/sg-0e39955dda3e25f63",
            "description": "Managed by Terraform",
            "egress": [
              {
                "cidr_blocks": [
                  "0.0.0.0/0"
                ],
                "description": "Allow all outgoing traffic",
                "from_port": 0,
                "ipv6_cidr_blocks": [
                  "::/0"
                ],
                "prefix_list_ids": [],
                "protocol": "-1",
                "security_groups": [],
                "self": false,
                "to_port": 0
              }
            ],
            "id": "sg-0e39955dda3e25f63",
            "ingress": [
              {
                "cidr_blocks": [
                  "0.0.0.0/0"
                ],
                "description": "Ping",
                "from_port": 8,
                "ipv6_cidr_blocks": [],
                "prefix_list_ids": [],
                "protocol": "icmp",
                "security_groups": [],
                "self": false,
                "to_port": 0
              },
              {
                "cidr_blocks": [
                  "0.0.0.0/0"
                ],
                "description": "SSH",
                "from_port": 22,
                "ipv6_cidr_blocks": [],
                "prefix_list_ids": [],
                "protocol": "tcp",
                "security_groups": [],
                "self": false,
                "to_port": 22
              },
              {
                "cidr_blocks": [],
                "description": "For security group",
                "from_port": 0,
                "ipv6_cidr_blocks": [],
                "prefix_list_ids": [],
                "protocol": "-1",
                "security_groups": [],
                "self": true,
                "to_port": 0
              }
            ],
            "name": "HTTP and SSH",
            "name_prefix": "",
            "owner_id": "152657297141",
            "revoke_rules_on_delete": false,
            "tags": {},
            "tags_all": {},
            "timeouts": null,
            "vpc_id": "vpc-02f18d726812ad323"
          },
          "sensitive_attributes": [],
          "private": "eyJlMmJmYjczMC1lY2FhLTExZTYtOGY4OC0zNDM2M2JjN2M0YzAiOnsiY3JlYXRlIjo2MDAwMDAwMDAwMDAsImRlbGV0ZSI6OTAwMDAwMDAwMDAwfSwic2NoZW1hX3ZlcnNpb24iOiIxIn0=",
          "dependencies": [
            "aws_vpc.xdp_vpc"
          ]
        }
      ]
    },
    {
      "mode": "managed",
      "type": "aws_subnet",
      "name": "xdp_public_subnet",
      "provider": "provider[\"registry.terraform.io/hashicorp/aws\"]",
      "instances": [
        {
          "schema_version": 1,
          "attributes": {
            "arn": "arn:aws:ec2:ca-central-1:152657297141:subnet/subnet-07a98d535bd2bf11d",
            "assign_ipv6_address_on_creation": false,
            "availability_zone": "ca-central-1a",
            "availability_zone_id": "cac1-az1",
            "cidr_block": "198.18.0.0/16",
            "customer_owned_ipv4_pool": "",
            "enable_dns64": false,
            "enable_resource_name_dns_a_record_on_launch": false,
            "enable_resource_name_dns_aaaa_record_on_launch": false,
            "id": "subnet-07a98d535bd2bf11d",
            "ipv6_cidr_block": "",
            "ipv6_cidr_block_association_id": "",
            "ipv6_native": false,
            "map_customer_owned_ip_on_launch": false,
            "map_public_ip_on_launch": false,
            "outpost_arn": "",
            "owner_id": "152657297141",
            "private_dns_hostname_type_on_launch": "ip-name",
            "tags": {
              "Name": "xdp-public-subnet"
            },
            "tags_all": {
              "Name": "xdp-public-subnet"
            },
            "timeouts": null,
            "vpc_id": "vpc-02f18d726812ad323"
          },
          "sensitive_attributes": [],
          "private": "eyJlMmJmYjczMC1lY2FhLTExZTYtOGY4OC0zNDM2M2JjN2M0YzAiOnsiY3JlYXRlIjo2MDAwMDAwMDAwMDAsImRlbGV0ZSI6MTIwMDAwMDAwMDAwMH0sInNjaGVtYV92ZXJzaW9uIjoiMSJ9",
          "dependencies": [
            "aws_vpc.xdp_vpc"
          ]
        }
      ]
    },
    {
      "mode": "managed",
      "type": "aws_vpc",
      "name": "xdp_vpc",
      "provider": "provider[\"registry.terraform.io/hashicorp/aws\"]",
      "instances": [
        {
          "schema_version": 1,
          "attributes": {
            "arn": "arn:aws:ec2:ca-central-1:152657297141:vpc/vpc-02f18d726812ad323",
            "assign_generated_ipv6_cidr_block": false,
            "cidr_block": "198.18.0.0/16",
            "default_network_acl_id": "acl-0105ed2bb434dbfa1",
            "default_route_table_id": "rtb-06df7cb4ffb4b8e7a",
            "default_security_group_id": "sg-01a801edaef1c1265",
            "dhcp_options_id": "dopt-082abd6499936a7d8",
            "enable_classiclink": false,
            "enable_classiclink_dns_support": false,
            "enable_dns_hostnames": false,
            "enable_dns_support": true,
            "enable_network_address_usage_metrics": false,
            "id": "vpc-02f18d726812ad323",
            "instance_tenancy": "default",
            "ipv4_ipam_pool_id": null,
            "ipv4_netmask_length": null,
            "ipv6_association_id": "",
            "ipv6_cidr_block": "",
            "ipv6_cidr_block_network_border_group": "",
            "ipv6_ipam_pool_id": "",
            "ipv6_netmask_length": 0,
            "main_route_table_id": "rtb-06df7cb4ffb4b8e7a",
            "owner_id": "152657297141",
            "tags": {
              "Name": "xdp-vpc"
            },
            "tags_all": {
              "Name": "xdp-vpc"
            }
          },
          "sensitive_attributes": [],
          "private": "eyJzY2hlbWFfdmVyc2lvbiI6IjEifQ=="
        }
      ]
    }
  ],
  "check_results": null
}
